{
  "requires": true,
  "lockfileVersion": 1,
  "dependencies": {
    "audit": {
      "version": "0.0.6",
      "resolved": "https://registry.npmjs.org/audit/-/audit-0.0.6.tgz",
      "integrity": "sha1-/vF92Erx3NKlYz/UbTsa3LCEvzs="
    },
    "fix": {
      "version": "0.0.6",
      "resolved": "https://registry.npmjs.org/fix/-/fix-0.0.6.tgz",
      "integrity": "sha1-B+WTonQU3cSG7lLVD5yOCYhaAwU=",
      "requires": {
        "pipe": "0.0.2",
        "underscore": "1.1.6",
        "underscore.string": "1.1.4"
      }
    },
    "pipe": {
      "version": "0.0.2",
      "resolved": "https://registry.npmjs.org/pipe/-/pipe-0.0.2.tgz",
      "integrity": "sha1-oW/m/AGddb2YfEkopn4eUOT1tE8="
    },
    "underscore": {
      "version": "1.1.6",
      "resolved": "https://registry.npmjs.org/underscore/-/underscore-1.1.6.tgz",
      "integrity": "sha1-aGjaG91y11KFvgtOUPIo5w0AGiw="
    },
    "underscore.string": {
      "version": "1.1.4",
      "resolved": "https://registry.npmjs.org/underscore.string/-/underscore.string-1.1.4.tgz",
      "integrity": "sha1-m+BrI7jj2ZbqICD5mEICBp497hI=",
      "requires": {
        "underscore": "1.1.6"
      }
    }
  }
}
